
Microsoft Visual Studio Solution File, Format Version 12.00
# Visual Studio Version 17
VisualStudioVersion = 17.4.33110.190
MinimumVisualStudioVersion = 10.0.40219.1
Project("{2150E333-8FDC-42A3-9474-1A3956D46DE8}") = "src", "src", "{3F2D61B1-D0DC-4739-843E-E115D6985764}"
EndProject
Project("{2150E333-8FDC-42A3-9474-1A3956D46DE8}") = "Building Blocks", "Building Blocks", "{436E068D-6360-45B4-B7C4-58C2733EA109}"
EndProject
Project("{2150E333-8FDC-42A3-9474-1A3956D46DE8}") = "Services", "Services", "{0888C7CB-9D4E-4560-B411-22379550938B}"
EndProject
Project("{2150E333-8FDC-42A3-9474-1A3956D46DE8}") = "Web", "Web", "{FC95F45E-4A34-47BD-8DCD-6D9415A918BE}"
EndProject
Project("{2150E333-8FDC-42A3-9474-1A3956D46DE8}") = "Identidade", "Identidade", "{590D829E-69D4-460D-9216-29FCCA56F864}"
EndProject
Project("{9A19103F-16F7-4668-BE54-9A1E7A4F7556}") = "NSE.Identidade.API", "src\services\NSE.Identidade.API\NSE.Identidade.API.csproj", "{9579644B-0C5E-4D14-901B-AD322B84B1B2}"
EndProject
Project("{2150E333-8FDC-42A3-9474-1A3956D46DE8}") = "MVC", "MVC", "{6A0B4A92-BFCB-414E-B200-54287E427E60}"
EndProject
Project("{9A19103F-16F7-4668-BE54-9A1E7A4F7556}") = "SNE.WebApp.MVC", "src\web\SNE.WebApp.MVC\SNE.WebApp.MVC.csproj", "{6510E552-2E9B-4533-977E-62833F22A4D0}"
EndProject
Project("{2150E333-8FDC-42A3-9474-1A3956D46DE8}") = "Core", "Core", "{513C9D2C-EAAB-4D7F-BCAA-DD86AA2CA598}"
EndProject
Project("{9A19103F-16F7-4668-BE54-9A1E7A4F7556}") = "SNE.Core", "src\building blocks\SNE.Core\SNE.Core.csproj", "{18FA7FBA-99DC-4647-B17B-C060218C2AC5}"
EndProject
Project("{2150E333-8FDC-42A3-9474-1A3956D46DE8}") = "Carrinho", "Carrinho", "{0E6462D2-AE97-41A7-94CE-3A86A08BA8C0}"
EndProject
Project("{9A19103F-16F7-4668-BE54-9A1E7A4F7556}") = "NSE.Carrinho.API", "src\services\NSE.Carrinho.API\NSE.Carrinho.API.csproj", "{9295EA55-FE5A-4C8B-9533-87043CF52B89}"
EndProject
Project("{2150E333-8FDC-42A3-9474-1A3956D46DE8}") = "Catalogo", "Catalogo", "{8EACC0CB-3C43-487B-A7A3-5121C15217AF}"
EndProject
Project("{9A19103F-16F7-4668-BE54-9A1E7A4F7556}") = "NSE.Catalogo.API", "src\services\NSE.Catalogo.API\NSE.Catalogo.API.csproj", "{766981A1-6CBE-4A7B-A398-179B2763A451}"
EndProject
Project("{2150E333-8FDC-42A3-9474-1A3956D46DE8}") = "Cliente", "Cliente", "{2E6A7F63-0288-4F43-887A-4E674B2866B4}"
EndProject
Project("{9A19103F-16F7-4668-BE54-9A1E7A4F7556}") = "NSE.Clientes.API", "src\services\NSE.Cliente.API\NSE.Clientes.API.csproj", "{BF0BF2B4-BDF3-4E50-9741-09950B58015F}"
EndProject
Project("{2150E333-8FDC-42A3-9474-1A3956D46DE8}") = "Pagamento", "Pagamento", "{7AA62CFA-3730-48EC-91AC-2D49FB38EEAC}"
EndProject
Project("{9A19103F-16F7-4668-BE54-9A1E7A4F7556}") = "NSE.Pagamento.API", "src\services\NSE.Pagamento.API\NSE.Pagamento.API.csproj", "{0F880821-2F95-4892-80C0-DD9B8DEEA90D}"
EndProject
Project("{2150E333-8FDC-42A3-9474-1A3956D46DE8}") = "Pedido", "Pedido", "{CC7983B7-1D50-4041-B158-D743504F679C}"
EndProject
Project("{9A19103F-16F7-4668-BE54-9A1E7A4F7556}") = "NSE.Pedido.API", "src\services\NSE.Pedido.API\NSE.Pedido.API.csproj", "{69469945-84CC-449A-AD10-50CCDD0C9337}"
EndProject
Project("{2150E333-8FDC-42A3-9474-1A3956D46DE8}") = "Services", "Services", "{C10C8211-A6F7-499F-A302-3D37D9226230}"
EndProject
Project("{9A19103F-16F7-4668-BE54-9A1E7A4F7556}") = "NSE.WebAPI.Core", "src\building blocks\NSE.WebAPI.Core\NSE.WebAPI.Core.csproj", "{CDE6698F-6EAC-4EDA-8C20-B764BDEFE189}"
EndProject
Global
	GlobalSection(SolutionConfigurationPlatforms) = preSolution
		Debug|Any CPU = Debug|Any CPU
		Release|Any CPU = Release|Any CPU
	EndGlobalSection
	GlobalSection(ProjectConfigurationPlatforms) = postSolution
		{9579644B-0C5E-4D14-901B-AD322B84B1B2}.Debug|Any CPU.ActiveCfg = Debug|Any CPU
		{9579644B-0C5E-4D14-901B-AD322B84B1B2}.Debug|Any CPU.Build.0 = Debug|Any CPU
		{9579644B-0C5E-4D14-901B-AD322B84B1B2}.Release|Any CPU.ActiveCfg = Release|Any CPU
		{9579644B-0C5E-4D14-901B-AD322B84B1B2}.Release|Any CPU.Build.0 = Release|Any CPU
		{6510E552-2E9B-4533-977E-62833F22A4D0}.Debug|Any CPU.ActiveCfg = Debug|Any CPU
		{6510E552-2E9B-4533-977E-62833F22A4D0}.Debug|Any CPU.Build.0 = Debug|Any CPU
		{6510E552-2E9B-4533-977E-62833F22A4D0}.Release|Any CPU.ActiveCfg = Release|Any CPU
		{6510E552-2E9B-4533-977E-62833F22A4D0}.Release|Any CPU.Build.0 = Release|Any CPU
		{18FA7FBA-99DC-4647-B17B-C060218C2AC5}.Debug|Any CPU.ActiveCfg = Debug|Any CPU
		{18FA7FBA-99DC-4647-B17B-C060218C2AC5}.Debug|Any CPU.Build.0 = Debug|Any CPU
		{18FA7FBA-99DC-4647-B17B-C060218C2AC5}.Release|Any CPU.ActiveCfg = Release|Any CPU
		{18FA7FBA-99DC-4647-B17B-C060218C2AC5}.Release|Any CPU.Build.0 = Release|Any CPU
		{9295EA55-FE5A-4C8B-9533-87043CF52B89}.Debug|Any CPU.ActiveCfg = Debug|Any CPU
		{9295EA55-FE5A-4C8B-9533-87043CF52B89}.Debug|Any CPU.Build.0 = Debug|Any CPU
		{9295EA55-FE5A-4C8B-9533-87043CF52B89}.Release|Any CPU.ActiveCfg = Release|Any CPU
		{9295EA55-FE5A-4C8B-9533-87043CF52B89}.Release|Any CPU.Build.0 = Release|Any CPU
		{766981A1-6CBE-4A7B-A398-179B2763A451}.Debug|Any CPU.ActiveCfg = Debug|Any CPU
		{766981A1-6CBE-4A7B-A398-179B2763A451}.Debug|Any CPU.Build.0 = Debug|Any CPU
		{766981A1-6CBE-4A7B-A398-179B2763A451}.Release|Any CPU.ActiveCfg = Release|Any CPU
		{766981A1-6CBE-4A7B-A398-179B2763A451}.Release|Any CPU.Build.0 = Release|Any CPU
		{BF0BF2B4-BDF3-4E50-9741-09950B58015F}.Debug|Any CPU.ActiveCfg = Debug|Any CPU
		{BF0BF2B4-BDF3-4E50-9741-09950B58015F}.Debug|Any CPU.Build.0 = Debug|Any CPU
		{BF0BF2B4-BDF3-4E50-9741-09950B58015F}.Release|Any CPU.ActiveCfg = Release|Any CPU
		{BF0BF2B4-BDF3-4E50-9741-09950B58015F}.Release|Any CPU.Build.0 = Release|Any CPU
		{0F880821-2F95-4892-80C0-DD9B8DEEA90D}.Debug|Any CPU.ActiveCfg = Debug|Any CPU
		{0F880821-2F95-4892-80C0-DD9B8DEEA90D}.Debug|Any CPU.Build.0 = Debug|Any CPU
		{0F880821-2F95-4892-80C0-DD9B8DEEA90D}.Release|Any CPU.ActiveCfg = Release|Any CPU
		{0F880821-2F95-4892-80C0-DD9B8DEEA90D}.Release|Any CPU.Build.0 = Release|Any CPU
		{69469945-84CC-449A-AD10-50CCDD0C9337}.Debug|Any CPU.ActiveCfg = Debug|Any CPU
		{69469945-84CC-449A-AD10-50CCDD0C9337}.Debug|Any CPU.Build.0 = Debug|Any CPU
		{69469945-84CC-449A-AD10-50CCDD0C9337}.Release|Any CPU.ActiveCfg = Release|Any CPU
		{69469945-84CC-449A-AD10-50CCDD0C9337}.Release|Any CPU.Build.0 = Release|Any CPU
		{CDE6698F-6EAC-4EDA-8C20-B764BDEFE189}.Debug|Any CPU.ActiveCfg = Debug|Any CPU
		{CDE6698F-6EAC-4EDA-8C20-B764BDEFE189}.Debug|Any CPU.Build.0 = Debug|Any CPU
		{CDE6698F-6EAC-4EDA-8C20-B764BDEFE189}.Release|Any CPU.ActiveCfg = Release|Any CPU
		{CDE6698F-6EAC-4EDA-8C20-B764BDEFE189}.Release|Any CPU.Build.0 = Release|Any CPU
	EndGlobalSection
	GlobalSection(SolutionProperties) = preSolution
		HideSolutionNode = FALSE
	EndGlobalSection
	GlobalSection(NestedProjects) = preSolution
		{436E068D-6360-45B4-B7C4-58C2733EA109} = {3F2D61B1-D0DC-4739-843E-E115D6985764}
		{0888C7CB-9D4E-4560-B411-22379550938B} = {3F2D61B1-D0DC-4739-843E-E115D6985764}
		{FC95F45E-4A34-47BD-8DCD-6D9415A918BE} = {3F2D61B1-D0DC-4739-843E-E115D6985764}
		{590D829E-69D4-460D-9216-29FCCA56F864} = {0888C7CB-9D4E-4560-B411-22379550938B}
		{9579644B-0C5E-4D14-901B-AD322B84B1B2} = {590D829E-69D4-460D-9216-29FCCA56F864}
		{6A0B4A92-BFCB-414E-B200-54287E427E60} = {FC95F45E-4A34-47BD-8DCD-6D9415A918BE}
		{6510E552-2E9B-4533-977E-62833F22A4D0} = {6A0B4A92-BFCB-414E-B200-54287E427E60}
		{513C9D2C-EAAB-4D7F-BCAA-DD86AA2CA598} = {436E068D-6360-45B4-B7C4-58C2733EA109}
		{18FA7FBA-99DC-4647-B17B-C060218C2AC5} = {513C9D2C-EAAB-4D7F-BCAA-DD86AA2CA598}
		{0E6462D2-AE97-41A7-94CE-3A86A08BA8C0} = {0888C7CB-9D4E-4560-B411-22379550938B}
		{9295EA55-FE5A-4C8B-9533-87043CF52B89} = {0E6462D2-AE97-41A7-94CE-3A86A08BA8C0}
		{8EACC0CB-3C43-487B-A7A3-5121C15217AF} = {0888C7CB-9D4E-4560-B411-22379550938B}
		{766981A1-6CBE-4A7B-A398-179B2763A451} = {8EACC0CB-3C43-487B-A7A3-5121C15217AF}
		{2E6A7F63-0288-4F43-887A-4E674B2866B4} = {0888C7CB-9D4E-4560-B411-22379550938B}
		{BF0BF2B4-BDF3-4E50-9741-09950B58015F} = {2E6A7F63-0288-4F43-887A-4E674B2866B4}
		{7AA62CFA-3730-48EC-91AC-2D49FB38EEAC} = {0888C7CB-9D4E-4560-B411-22379550938B}
		{0F880821-2F95-4892-80C0-DD9B8DEEA90D} = {7AA62CFA-3730-48EC-91AC-2D49FB38EEAC}
		{CC7983B7-1D50-4041-B158-D743504F679C} = {0888C7CB-9D4E-4560-B411-22379550938B}
		{69469945-84CC-449A-AD10-50CCDD0C9337} = {CC7983B7-1D50-4041-B158-D743504F679C}
		{C10C8211-A6F7-499F-A302-3D37D9226230} = {436E068D-6360-45B4-B7C4-58C2733EA109}
		{CDE6698F-6EAC-4EDA-8C20-B764BDEFE189} = {C10C8211-A6F7-499F-A302-3D37D9226230}
	EndGlobalSection
	GlobalSection(ExtensibilityGlobals) = postSolution
		SolutionGuid = {66CD786A-AD86-4819-B67E-9DCAE2A48742}
	EndGlobalSection
EndGlobal
